
Microsoft Visual Studio Solution File, Format Version 12.00
# Visual Studio Version 17
VisualStudioVersion = 17.8.34525.116
MinimumVisualStudioVersion = 10.0.40219.1
Project("{FAE04EC0-301F-11D3-BF4B-00C04F79EFBC}") = "symptomSage.Web", "symptomSage\symptomSage.Web.csproj", "{E4037669-B91A-47F8-80DE-8EA9A17EC82F}"
EndProject
Project("{FAE04EC0-301F-11D3-BF4B-00C04F79EFBC}") = "symptomSage.BussinesLogic", "symptomSage.BussinesLogic\symptomSage.BussinesLogic.csproj", "{96BD5C43-5346-4560-BEA0-C7C7CABAE1D5}"
EndProject
Project("{FAE04EC0-301F-11D3-BF4B-00C04F79EFBC}") = "symptomSage.Domain", "symptomSage.Domain\symptomSage.Domain.csproj", "{8D7ACD9C-3CF9-453E-8B7A-63B685CD57D5}"
EndProject
Project("{FAE04EC0-301F-11D3-BF4B-00C04F79EFBC}") = "symptomSage.Helpers", "symptomSage.Helpers\symptomSage.Helpers.csproj", "{D1085822-D51B-4C11-9D8C-2C8EC389C8C4}"
EndProject
Global
	GlobalSection(SolutionConfigurationPlatforms) = preSolution
		Debug|Any CPU = Debug|Any CPU
		Release|Any CPU = Release|Any CPU
	EndGlobalSection
	GlobalSection(ProjectConfigurationPlatforms) = postSolution
		{E4037669-B91A-47F8-80DE-8EA9A17EC82F}.Debug|Any CPU.ActiveCfg = Debug|Any CPU
		{E4037669-B91A-47F8-80DE-8EA9A17EC82F}.Debug|Any CPU.Build.0 = Debug|Any CPU
		{E4037669-B91A-47F8-80DE-8EA9A17EC82F}.Release|Any CPU.ActiveCfg = Release|Any CPU
		{E4037669-B91A-47F8-80DE-8EA9A17EC82F}.Release|Any CPU.Build.0 = Release|Any CPU
		{96BD5C43-5346-4560-BEA0-C7C7CABAE1D5}.Debug|Any CPU.ActiveCfg = Debug|Any CPU
		{96BD5C43-5346-4560-BEA0-C7C7CABAE1D5}.Debug|Any CPU.Build.0 = Debug|Any CPU
		{96BD5C43-5346-4560-BEA0-C7C7CABAE1D5}.Release|Any CPU.ActiveCfg = Release|Any CPU
		{96BD5C43-5346-4560-BEA0-C7C7CABAE1D5}.Release|Any CPU.Build.0 = Release|Any CPU
		{8D7ACD9C-3CF9-453E-8B7A-63B685CD57D5}.Debug|Any CPU.ActiveCfg = Debug|Any CPU
		{8D7ACD9C-3CF9-453E-8B7A-63B685CD57D5}.Debug|Any CPU.Build.0 = Debug|Any CPU
		{8D7ACD9C-3CF9-453E-8B7A-63B685CD57D5}.Release|Any CPU.ActiveCfg = Release|Any CPU
		{8D7ACD9C-3CF9-453E-8B7A-63B685CD57D5}.Release|Any CPU.Build.0 = Release|Any CPU
		{D1085822-D51B-4C11-9D8C-2C8EC389C8C4}.Debug|Any CPU.ActiveCfg = Debug|Any CPU
		{D1085822-D51B-4C11-9D8C-2C8EC389C8C4}.Debug|Any CPU.Build.0 = Debug|Any CPU
		{D1085822-D51B-4C11-9D8C-2C8EC389C8C4}.Release|Any CPU.ActiveCfg = Release|Any CPU
		{D1085822-D51B-4C11-9D8C-2C8EC389C8C4}.Release|Any CPU.Build.0 = Release|Any CPU
	EndGlobalSection
	GlobalSection(SolutionProperties) = preSolution
		HideSolutionNode = FALSE
	EndGlobalSection
	GlobalSection(ExtensibilityGlobals) = postSolution
		SolutionGuid = {8F8BC2BA-54F1-4E1A-97A2-267D1B0DCB8D}
	EndGlobalSection
EndGlobal
